
Microsoft Visual Studio Solution File, Format Version 12.00
# Visual Studio Version 17
VisualStudioVersion = 17.6.33723.286
MinimumVisualStudioVersion = 10.0.40219.1
Project("{FAE04EC0-301F-11D3-BF4B-00C04F79EFBC}") = "BE", "BE.csproj", "{17CC89FE-EB9B-4E75-8855-6DCA9FEB6D05}"
EndProject
Global
	GlobalSection(SolutionConfigurationPlatforms) = preSolution
		Debug|Any CPU = Debug|Any CPU
		Release|Any CPU = Release|Any CPU
	EndGlobalSection
	GlobalSection(ProjectConfigurationPlatforms) = postSolution
		{17CC89FE-EB9B-4E75-8855-6DCA9FEB6D05}.Debug|Any CPU.ActiveCfg = Debug|Any CPU
		{17CC89FE-EB9B-4E75-8855-6DCA9FEB6D05}.Debug|Any CPU.Build.0 = Debug|Any CPU
		{17CC89FE-EB9B-4E75-8855-6DCA9FEB6D05}.Release|Any CPU.ActiveCfg = Release|Any CPU
		{17CC89FE-EB9B-4E75-8855-6DCA9FEB6D05}.Release|Any CPU.Build.0 = Release|Any CPU
	EndGlobalSection
	GlobalSection(SolutionProperties) = preSolution
		HideSolutionNode = FALSE
	EndGlobalSection
	GlobalSection(ExtensibilityGlobals) = postSolution
		SolutionGuid = {4B8918EE-02B9-4E1D-8F28-9D97313A921D}
	EndGlobalSection
EndGlobal
